
Microsoft Visual Studio Solution File, Format Version 12.00
# Visual Studio Version 17
VisualStudioVersion = 17.5.002.0
MinimumVisualStudioVersion = 10.0.40219.1
Project("{9A19103F-16F7-4668-BE54-9A1E7A4F7556}") = "SharksApi", "SharksApi.csproj", "{CF95F572-B50E-4F75-AE13-BBEBC7C4AE14}"
EndProject
Global
	GlobalSection(SolutionConfigurationPlatforms) = preSolution
		Debug|Any CPU = Debug|Any CPU
		Release|Any CPU = Release|Any CPU
	EndGlobalSection
	GlobalSection(ProjectConfigurationPlatforms) = postSolution
		{CF95F572-B50E-4F75-AE13-BBEBC7C4AE14}.Debug|Any CPU.ActiveCfg = Debug|Any CPU
		{CF95F572-B50E-4F75-AE13-BBEBC7C4AE14}.Debug|Any CPU.Build.0 = Debug|Any CPU
		{CF95F572-B50E-4F75-AE13-BBEBC7C4AE14}.Release|Any CPU.ActiveCfg = Release|Any CPU
		{CF95F572-B50E-4F75-AE13-BBEBC7C4AE14}.Release|Any CPU.Build.0 = Release|Any CPU
	EndGlobalSection
	GlobalSection(SolutionProperties) = preSolution
		HideSolutionNode = FALSE
	EndGlobalSection
	GlobalSection(ExtensibilityGlobals) = postSolution
		SolutionGuid = {F173C762-1117-4CFA-BFBD-E62FA9508634}
	EndGlobalSection
EndGlobal
